
Microsoft Visual Studio Solution File, Format Version 12.00
# Visual Studio Version 17
VisualStudioVersion = 17.13.35931.197 d17.13
MinimumVisualStudioVersion = 10.0.40219.1
Project("{FAE04EC0-301F-11D3-BF4B-00C04F79EFBC}") = "File compression program", "File compression program\File compression program.csproj", "{7F48E955-15F5-48EB-88F7-AD1E19FC354E}"
EndProject
Global
	GlobalSection(SolutionConfigurationPlatforms) = preSolution
		Debug|Any CPU = Debug|Any CPU
		Release|Any CPU = Release|Any CPU
	EndGlobalSection
	GlobalSection(ProjectConfigurationPlatforms) = postSolution
		{7F48E955-15F5-48EB-88F7-AD1E19FC354E}.Debug|Any CPU.ActiveCfg = Debug|Any CPU
		{7F48E955-15F5-48EB-88F7-AD1E19FC354E}.Debug|Any CPU.Build.0 = Debug|Any CPU
		{7F48E955-15F5-48EB-88F7-AD1E19FC354E}.Release|Any CPU.ActiveCfg = Release|Any CPU
		{7F48E955-15F5-48EB-88F7-AD1E19FC354E}.Release|Any CPU.Build.0 = Release|Any CPU
	EndGlobalSection
	GlobalSection(SolutionProperties) = preSolution
		HideSolutionNode = FALSE
	EndGlobalSection
	GlobalSection(ExtensibilityGlobals) = postSolution
		SolutionGuid = {07BDF8E4-286F-47D2-BDB4-66AE3AD3DE7D}
	EndGlobalSection
EndGlobal
